{
  "name": "github",
  "lockfileVersion": 2,
  "requires": true,
  "packages": {
    "": {
      "name": "github",
      "license": "MIT",
      "devDependencies": {
        "prettier": "^2.4.1",
        "prettier-plugin-pkg": "^0.10.0",
        "prettier-plugin-sh": "^0.7.1"
      }
    },
    "node_modules/mvdan-sh": {
      "version": "0.5.0",
      "resolved": "https://registry.npmjs.org/mvdan-sh/-/mvdan-sh-0.5.0.tgz",
      "integrity": "sha512-UWbdl4LHd2fUnaEcOUFVWRdWGLkNoV12cKVIPiirYd8qM5VkCoCTXErlDubevrkEG7kGohvjRxAlTQmOqG80tw==",
      "dev": true
    },
    "node_modules/prettier": {
      "version": "2.4.1",
      "resolved": "https://registry.npmjs.org/prettier/-/prettier-2.4.1.tgz",
      "integrity": "sha512-9fbDAXSBcc6Bs1mZrDYb3XKzDLm4EXXL9sC1LqKP5rZkT6KRr/rf9amVUcODVXgguK/isJz0d0hP72WeaKWsvA==",
      "dev": true,
      "bin": {
        "prettier": "bin-prettier.js"
      },
      "engines": {
        "node": ">=10.13.0"
      }
    },
    "node_modules/prettier-plugin-pkg": {
      "version": "0.10.0",
      "resolved": "https://registry.npmjs.org/prettier-plugin-pkg/-/prettier-plugin-pkg-0.10.0.tgz",
      "integrity": "sha512-NvqkGTfAdB9Bu7txMaePQTieVAo4mvBGkWsdtOego5WwJT3cu6mLlYDBe/FEQ9gcW6+vjYiBwkP0qs3lBIZbfw==",
      "dev": true,
      "peerDependencies": {
        "prettier": "^2.0.5"
      }
    },
    "node_modules/prettier-plugin-sh": {
      "version": "0.7.1",
      "resolved": "https://registry.npmjs.org/prettier-plugin-sh/-/prettier-plugin-sh-0.7.1.tgz",
      "integrity": "sha512-2MWRdGOSz0yf/z2kTKF1AqxDuH9MZD8faoDAz5ySGphxssi9oyM3Ys+jp7AfqsCXvGUDbRA4EJOlKS0yZKAW6w==",
      "dev": true,
      "dependencies": {
        "mvdan-sh": "^0.5.0"
      },
      "peerDependencies": {
        "prettier": "^2.0.5"
      }
    }
  },
  "dependencies": {
    "mvdan-sh": {
      "version": "0.5.0",
      "resolved": "https://registry.npmjs.org/mvdan-sh/-/mvdan-sh-0.5.0.tgz",
      "integrity": "sha512-UWbdl4LHd2fUnaEcOUFVWRdWGLkNoV12cKVIPiirYd8qM5VkCoCTXErlDubevrkEG7kGohvjRxAlTQmOqG80tw==",
      "dev": true
    },
    "prettier": {
      "version": "2.4.1",
      "resolved": "https://registry.npmjs.org/prettier/-/prettier-2.4.1.tgz",
      "integrity": "sha512-9fbDAXSBcc6Bs1mZrDYb3XKzDLm4EXXL9sC1LqKP5rZkT6KRr/rf9amVUcODVXgguK/isJz0d0hP72WeaKWsvA==",
      "dev": true
    },
    "prettier-plugin-pkg": {
      "version": "0.10.0",
      "resolved": "https://registry.npmjs.org/prettier-plugin-pkg/-/prettier-plugin-pkg-0.10.0.tgz",
      "integrity": "sha512-NvqkGTfAdB9Bu7txMaePQTieVAo4mvBGkWsdtOego5WwJT3cu6mLlYDBe/FEQ9gcW6+vjYiBwkP0qs3lBIZbfw==",
      "dev": true,
      "requires": {}
    },
    "prettier-plugin-sh": {
      "version": "0.7.1",
      "resolved": "https://registry.npmjs.org/prettier-plugin-sh/-/prettier-plugin-sh-0.7.1.tgz",
      "integrity": "sha512-2MWRdGOSz0yf/z2kTKF1AqxDuH9MZD8faoDAz5ySGphxssi9oyM3Ys+jp7AfqsCXvGUDbRA4EJOlKS0yZKAW6w==",
      "dev": true,
      "requires": {
        "mvdan-sh": "^0.5.0"
      }
    }
  }
}
